
Microsoft Visual Studio Solution File, Format Version 12.00
# Visual Studio Version 16
VisualStudioVersion = 16.0.31613.86
MinimumVisualStudioVersion = 10.0.40219.1
Project("{8BC9CEB8-8B4A-11D0-8D11-00A0C91BC942}") = "BT1", "BT1\BT1.vcxproj", "{A1E5F5DD-A549-4D69-B293-6ACA4728FA7D}"
EndProject
Project("{8BC9CEB8-8B4A-11D0-8D11-00A0C91BC942}") = "BT2", "BT2\BT2.vcxproj", "{4628BAB1-DCD6-4055-A90A-DFA23636DC59}"
EndProject
Project("{8BC9CEB8-8B4A-11D0-8D11-00A0C91BC942}") = "BT3", "BT3\BT3.vcxproj", "{22B3E326-CAF6-4006-8740-AE63660091EB}"
EndProject
Project("{8BC9CEB8-8B4A-11D0-8D11-00A0C91BC942}") = "BT4", "BT4\BT4.vcxproj", "{ECA21C17-9ABE-4567-B71D-40502977D4FE}"
EndProject
Project("{8BC9CEB8-8B4A-11D0-8D11-00A0C91BC942}") = "BT5", "BT5\BT5.vcxproj", "{89805833-9015-44B1-B271-C2C8F7CF5EC6}"
EndProject
Project("{8BC9CEB8-8B4A-11D0-8D11-00A0C91BC942}") = "BT6", "BT6\BT6.vcxproj", "{CAB0BD91-2ACB-4322-A4D7-221CE70E3FB3}"
EndProject
Project("{8BC9CEB8-8B4A-11D0-8D11-00A0C91BC942}") = "BT7", "BT7\BT7.vcxproj", "{168D1E5F-3FA7-47AD-B7E6-AD8DA0A90257}"
EndProject
Project("{8BC9CEB8-8B4A-11D0-8D11-00A0C91BC942}") = "BT8", "BT8\BT8.vcxproj", "{26F5E93A-508B-4282-B6DD-06A12D9EE9CC}"
EndProject
Project("{8BC9CEB8-8B4A-11D0-8D11-00A0C91BC942}") = "BT9", "BT9\BT9.vcxproj", "{C60199CD-9BB2-477A-9402-F63F58F0C6FC}"
EndProject
Project("{8BC9CEB8-8B4A-11D0-8D11-00A0C91BC942}") = "BT10", "BT10\BT10.vcxproj", "{51A72F4F-04C1-4E09-A07C-963CF5F940B4}"
EndProject
Global
	GlobalSection(SolutionConfigurationPlatforms) = preSolution
		Debug|x64 = Debug|x64
		Debug|x86 = Debug|x86
		Release|x64 = Release|x64
		Release|x86 = Release|x86
	EndGlobalSection
	GlobalSection(ProjectConfigurationPlatforms) = postSolution
		{A1E5F5DD-A549-4D69-B293-6ACA4728FA7D}.Debug|x64.ActiveCfg = Debug|x64
		{A1E5F5DD-A549-4D69-B293-6ACA4728FA7D}.Debug|x64.Build.0 = Debug|x64
		{A1E5F5DD-A549-4D69-B293-6ACA4728FA7D}.Debug|x86.ActiveCfg = Debug|Win32
		{A1E5F5DD-A549-4D69-B293-6ACA4728FA7D}.Debug|x86.Build.0 = Debug|Win32
		{A1E5F5DD-A549-4D69-B293-6ACA4728FA7D}.Release|x64.ActiveCfg = Release|x64
		{A1E5F5DD-A549-4D69-B293-6ACA4728FA7D}.Release|x64.Build.0 = Release|x64
		{A1E5F5DD-A549-4D69-B293-6ACA4728FA7D}.Release|x86.ActiveCfg = Release|Win32
		{A1E5F5DD-A549-4D69-B293-6ACA4728FA7D}.Release|x86.Build.0 = Release|Win32
		{4628BAB1-DCD6-4055-A90A-DFA23636DC59}.Debug|x64.ActiveCfg = Debug|x64
		{4628BAB1-DCD6-4055-A90A-DFA23636DC59}.Debug|x64.Build.0 = Debug|x64
		{4628BAB1-DCD6-4055-A90A-DFA23636DC59}.Debug|x86.ActiveCfg = Debug|Win32
		{4628BAB1-DCD6-4055-A90A-DFA23636DC59}.Debug|x86.Build.0 = Debug|Win32
		{4628BAB1-DCD6-4055-A90A-DFA23636DC59}.Release|x64.ActiveCfg = Release|x64
		{4628BAB1-DCD6-4055-A90A-DFA23636DC59}.Release|x64.Build.0 = Release|x64
		{4628BAB1-DCD6-4055-A90A-DFA23636DC59}.Release|x86.ActiveCfg = Release|Win32
		{4628BAB1-DCD6-4055-A90A-DFA23636DC59}.Release|x86.Build.0 = Release|Win32
		{22B3E326-CAF6-4006-8740-AE63660091EB}.Debug|x64.ActiveCfg = Debug|x64
		{22B3E326-CAF6-4006-8740-AE63660091EB}.Debug|x64.Build.0 = Debug|x64
		{22B3E326-CAF6-4006-8740-AE63660091EB}.Debug|x86.ActiveCfg = Debug|Win32
		{22B3E326-CAF6-4006-8740-AE63660091EB}.Debug|x86.Build.0 = Debug|Win32
		{22B3E326-CAF6-4006-8740-AE63660091EB}.Release|x64.ActiveCfg = Release|x64
		{22B3E326-CAF6-4006-8740-AE63660091EB}.Release|x64.Build.0 = Release|x64
		{22B3E326-CAF6-4006-8740-AE63660091EB}.Release|x86.ActiveCfg = Release|Win32
		{22B3E326-CAF6-4006-8740-AE63660091EB}.Release|x86.Build.0 = Release|Win32
		{ECA21C17-9ABE-4567-B71D-40502977D4FE}.Debug|x64.ActiveCfg = Debug|x64
		{ECA21C17-9ABE-4567-B71D-40502977D4FE}.Debug|x64.Build.0 = Debug|x64
		{ECA21C17-9ABE-4567-B71D-40502977D4FE}.Debug|x86.ActiveCfg = Debug|Win32
		{ECA21C17-9ABE-4567-B71D-40502977D4FE}.Debug|x86.Build.0 = Debug|Win32
		{ECA21C17-9ABE-4567-B71D-40502977D4FE}.Release|x64.ActiveCfg = Release|x64
		{ECA21C17-9ABE-4567-B71D-40502977D4FE}.Release|x64.Build.0 = Release|x64
		{ECA21C17-9ABE-4567-B71D-40502977D4FE}.Release|x86.ActiveCfg = Release|Win32
		{ECA21C17-9ABE-4567-B71D-40502977D4FE}.Release|x86.Build.0 = Release|Win32
		{89805833-9015-44B1-B271-C2C8F7CF5EC6}.Debug|x64.ActiveCfg = Debug|x64
		{89805833-9015-44B1-B271-C2C8F7CF5EC6}.Debug|x64.Build.0 = Debug|x64
		{89805833-9015-44B1-B271-C2C8F7CF5EC6}.Debug|x86.ActiveCfg = Debug|Win32
		{89805833-9015-44B1-B271-C2C8F7CF5EC6}.Debug|x86.Build.0 = Debug|Win32
		{89805833-9015-44B1-B271-C2C8F7CF5EC6}.Release|x64.ActiveCfg = Release|x64
		{89805833-9015-44B1-B271-C2C8F7CF5EC6}.Release|x64.Build.0 = Release|x64
		{89805833-9015-44B1-B271-C2C8F7CF5EC6}.Release|x86.ActiveCfg = Release|Win32
		{89805833-9015-44B1-B271-C2C8F7CF5EC6}.Release|x86.Build.0 = Release|Win32
		{CAB0BD91-2ACB-4322-A4D7-221CE70E3FB3}.Debug|x64.ActiveCfg = Debug|x64
		{CAB0BD91-2ACB-4322-A4D7-221CE70E3FB3}.Debug|x64.Build.0 = Debug|x64
		{CAB0BD91-2ACB-4322-A4D7-221CE70E3FB3}.Debug|x86.ActiveCfg = Debug|Win32
		{CAB0BD91-2ACB-4322-A4D7-221CE70E3FB3}.Debug|x86.Build.0 = Debug|Win32
		{CAB0BD91-2ACB-4322-A4D7-221CE70E3FB3}.Release|x64.ActiveCfg = Release|x64
		{CAB0BD91-2ACB-4322-A4D7-221CE70E3FB3}.Release|x64.Build.0 = Release|x64
		{CAB0BD91-2ACB-4322-A4D7-221CE70E3FB3}.Release|x86.ActiveCfg = Release|Win32
		{CAB0BD91-2ACB-4322-A4D7-221CE70E3FB3}.Release|x86.Build.0 = Release|Win32
		{168D1E5F-3FA7-47AD-B7E6-AD8DA0A90257}.Debug|x64.ActiveCfg = Debug|x64
		{168D1E5F-3FA7-47AD-B7E6-AD8DA0A90257}.Debug|x64.Build.0 = Debug|x64
		{168D1E5F-3FA7-47AD-B7E6-AD8DA0A90257}.Debug|x86.ActiveCfg = Debug|Win32
		{168D1E5F-3FA7-47AD-B7E6-AD8DA0A90257}.Debug|x86.Build.0 = Debug|Win32
		{168D1E5F-3FA7-47AD-B7E6-AD8DA0A90257}.Release|x64.ActiveCfg = Release|x64
		{168D1E5F-3FA7-47AD-B7E6-AD8DA0A90257}.Release|x64.Build.0 = Release|x64
		{168D1E5F-3FA7-47AD-B7E6-AD8DA0A90257}.Release|x86.ActiveCfg = Release|Win32
		{168D1E5F-3FA7-47AD-B7E6-AD8DA0A90257}.Release|x86.Build.0 = Release|Win32
		{26F5E93A-508B-4282-B6DD-06A12D9EE9CC}.Debug|x64.ActiveCfg = Debug|x64
		{26F5E93A-508B-4282-B6DD-06A12D9EE9CC}.Debug|x64.Build.0 = Debug|x64
		{26F5E93A-508B-4282-B6DD-06A12D9EE9CC}.Debug|x86.ActiveCfg = Debug|Win32
		{26F5E93A-508B-4282-B6DD-06A12D9EE9CC}.Debug|x86.Build.0 = Debug|Win32
		{26F5E93A-508B-4282-B6DD-06A12D9EE9CC}.Release|x64.ActiveCfg = Release|x64
		{26F5E93A-508B-4282-B6DD-06A12D9EE9CC}.Release|x64.Build.0 = Release|x64
		{26F5E93A-508B-4282-B6DD-06A12D9EE9CC}.Release|x86.ActiveCfg = Release|Win32
		{26F5E93A-508B-4282-B6DD-06A12D9EE9CC}.Release|x86.Build.0 = Release|Win32
		{C60199CD-9BB2-477A-9402-F63F58F0C6FC}.Debug|x64.ActiveCfg = Debug|x64
		{C60199CD-9BB2-477A-9402-F63F58F0C6FC}.Debug|x64.Build.0 = Debug|x64
		{C60199CD-9BB2-477A-9402-F63F58F0C6FC}.Debug|x86.ActiveCfg = Debug|Win32
		{C60199CD-9BB2-477A-9402-F63F58F0C6FC}.Debug|x86.Build.0 = Debug|Win32
		{C60199CD-9BB2-477A-9402-F63F58F0C6FC}.Release|x64.ActiveCfg = Release|x64
		{C60199CD-9BB2-477A-9402-F63F58F0C6FC}.Release|x64.Build.0 = Release|x64
		{C60199CD-9BB2-477A-9402-F63F58F0C6FC}.Release|x86.ActiveCfg = Release|Win32
		{C60199CD-9BB2-477A-9402-F63F58F0C6FC}.Release|x86.Build.0 = Release|Win32
		{51A72F4F-04C1-4E09-A07C-963CF5F940B4}.Debug|x64.ActiveCfg = Debug|x64
		{51A72F4F-04C1-4E09-A07C-963CF5F940B4}.Debug|x64.Build.0 = Debug|x64
		{51A72F4F-04C1-4E09-A07C-963CF5F940B4}.Debug|x86.ActiveCfg = Debug|Win32
		{51A72F4F-04C1-4E09-A07C-963CF5F940B4}.Debug|x86.Build.0 = Debug|Win32
		{51A72F4F-04C1-4E09-A07C-963CF5F940B4}.Release|x64.ActiveCfg = Release|x64
		{51A72F4F-04C1-4E09-A07C-963CF5F940B4}.Release|x64.Build.0 = Release|x64
		{51A72F4F-04C1-4E09-A07C-963CF5F940B4}.Release|x86.ActiveCfg = Release|Win32
		{51A72F4F-04C1-4E09-A07C-963CF5F940B4}.Release|x86.Build.0 = Release|Win32
	EndGlobalSection
	GlobalSection(SolutionProperties) = preSolution
		HideSolutionNode = FALSE
	EndGlobalSection
	GlobalSection(ExtensibilityGlobals) = postSolution
		SolutionGuid = {E4FABEAD-1953-4B75-B99E-AC06900E4F3B}
	EndGlobalSection
EndGlobal
